
Microsoft Visual Studio Solution File, Format Version 12.00
# Visual Studio Version 17
VisualStudioVersion = 17.3.32804.467
MinimumVisualStudioVersion = 10.0.40219.1
Project("{FAE04EC0-301F-11D3-BF4B-00C04F79EFBC}") = "BioUpdator", "BioUpdator\BioUpdator.csproj", "{4DC02A20-5C46-4732-A816-1485979EB7EB}"
EndProject
Global
	GlobalSection(SolutionConfigurationPlatforms) = preSolution
		Debug|Any CPU = Debug|Any CPU
		Release|Any CPU = Release|Any CPU
	EndGlobalSection
	GlobalSection(ProjectConfigurationPlatforms) = postSolution
		{4DC02A20-5C46-4732-A816-1485979EB7EB}.Debug|Any CPU.ActiveCfg = Debug|Any CPU
		{4DC02A20-5C46-4732-A816-1485979EB7EB}.Debug|Any CPU.Build.0 = Debug|Any CPU
		{4DC02A20-5C46-4732-A816-1485979EB7EB}.Release|Any CPU.ActiveCfg = Release|Any CPU
		{4DC02A20-5C46-4732-A816-1485979EB7EB}.Release|Any CPU.Build.0 = Release|Any CPU
	EndGlobalSection
	GlobalSection(SolutionProperties) = preSolution
		HideSolutionNode = FALSE
	EndGlobalSection
	GlobalSection(ExtensibilityGlobals) = postSolution
		SolutionGuid = {B0494414-9F47-414A-85C8-0DAA54E93770}
	EndGlobalSection
EndGlobal
